
Microsoft Visual Studio Solution File, Format Version 12.00
# Visual Studio Version 17
VisualStudioVersion = 17.14.36109.1
MinimumVisualStudioVersion = 10.0.40219.1
Project("{FAE04EC0-301F-11D3-BF4B-00C04F79EFBC}") = "SPORSALONUYONETIM", "SPORSALONUYONETIM.csproj", "{28DA0D44-3FD8-4F5B-9822-ABD1545725FE}"
EndProject
Global
	GlobalSection(SolutionConfigurationPlatforms) = preSolution
		Debug|Any CPU = Debug|Any CPU
		Release|Any CPU = Release|Any CPU
	EndGlobalSection
	GlobalSection(ProjectConfigurationPlatforms) = postSolution
		{28DA0D44-3FD8-4F5B-9822-ABD1545725FE}.Debug|Any CPU.ActiveCfg = Debug|Any CPU
		{28DA0D44-3FD8-4F5B-9822-ABD1545725FE}.Debug|Any CPU.Build.0 = Debug|Any CPU
		{28DA0D44-3FD8-4F5B-9822-ABD1545725FE}.Release|Any CPU.ActiveCfg = Release|Any CPU
		{28DA0D44-3FD8-4F5B-9822-ABD1545725FE}.Release|Any CPU.Build.0 = Release|Any CPU
	EndGlobalSection
	GlobalSection(SolutionProperties) = preSolution
		HideSolutionNode = FALSE
	EndGlobalSection
	GlobalSection(ExtensibilityGlobals) = postSolution
		SolutionGuid = {44A69698-881A-4D76-840E-92EE52ACF768}
	EndGlobalSection
EndGlobal
